
Microsoft Visual Studio Solution File, Format Version 12.00
# Visual Studio Version 17
VisualStudioVersion = 17.11.35222.181
MinimumVisualStudioVersion = 10.0.40219.1
Project("{FAE04EC0-301F-11D3-BF4B-00C04F79EFBC}") = "PigDiceGame", "PigDiceGame.csproj", "{5FA2DF3F-0C09-45FC-9B08-1293951E3D46}"
EndProject
Global
	GlobalSection(SolutionConfigurationPlatforms) = preSolution
		Debug|Any CPU = Debug|Any CPU
		Release|Any CPU = Release|Any CPU
	EndGlobalSection
	GlobalSection(ProjectConfigurationPlatforms) = postSolution
		{5FA2DF3F-0C09-45FC-9B08-1293951E3D46}.Debug|Any CPU.ActiveCfg = Debug|Any CPU
		{5FA2DF3F-0C09-45FC-9B08-1293951E3D46}.Debug|Any CPU.Build.0 = Debug|Any CPU
		{5FA2DF3F-0C09-45FC-9B08-1293951E3D46}.Release|Any CPU.ActiveCfg = Release|Any CPU
		{5FA2DF3F-0C09-45FC-9B08-1293951E3D46}.Release|Any CPU.Build.0 = Release|Any CPU
	EndGlobalSection
	GlobalSection(SolutionProperties) = preSolution
		HideSolutionNode = FALSE
	EndGlobalSection
	GlobalSection(ExtensibilityGlobals) = postSolution
		SolutionGuid = {47C6C005-D74F-4ECD-A9DB-F5A3AF029DB8}
	EndGlobalSection
EndGlobal
